
Microsoft Visual Studio Solution File, Format Version 12.00
# Visual Studio 2012
Project("{FAE04EC0-301F-11D3-BF4B-00C04F79EFBC}") = "MocaDemo", "MocaDemo\MocaDemo.csproj", "{A8EE35C5-9ABE-4D5C-9B1A-8CFD7A1E374F}"
EndProject
Project("{00D1A9C2-B5F0-4AF3-8072-F6C62B433612}") = "Db", "Db\Db.sqlproj", "{78107F64-9F0F-4770-90D0-CDEDAEDAE787}"
EndProject
Global
	GlobalSection(SolutionConfigurationPlatforms) = preSolution
		Debug|Any CPU = Debug|Any CPU
		Release|Any CPU = Release|Any CPU
	EndGlobalSection
	GlobalSection(ProjectConfigurationPlatforms) = postSolution
		{A8EE35C5-9ABE-4D5C-9B1A-8CFD7A1E374F}.Debug|Any CPU.ActiveCfg = Debug|Any CPU
		{A8EE35C5-9ABE-4D5C-9B1A-8CFD7A1E374F}.Debug|Any CPU.Build.0 = Debug|Any CPU
		{A8EE35C5-9ABE-4D5C-9B1A-8CFD7A1E374F}.Release|Any CPU.ActiveCfg = Release|Any CPU
		{A8EE35C5-9ABE-4D5C-9B1A-8CFD7A1E374F}.Release|Any CPU.Build.0 = Release|Any CPU
		{78107F64-9F0F-4770-90D0-CDEDAEDAE787}.Debug|Any CPU.ActiveCfg = Debug|Any CPU
		{78107F64-9F0F-4770-90D0-CDEDAEDAE787}.Debug|Any CPU.Build.0 = Debug|Any CPU
		{78107F64-9F0F-4770-90D0-CDEDAEDAE787}.Debug|Any CPU.Deploy.0 = Debug|Any CPU
		{78107F64-9F0F-4770-90D0-CDEDAEDAE787}.Release|Any CPU.ActiveCfg = Release|Any CPU
		{78107F64-9F0F-4770-90D0-CDEDAEDAE787}.Release|Any CPU.Build.0 = Release|Any CPU
		{78107F64-9F0F-4770-90D0-CDEDAEDAE787}.Release|Any CPU.Deploy.0 = Release|Any CPU
	EndGlobalSection
	GlobalSection(SolutionProperties) = preSolution
		HideSolutionNode = FALSE
	EndGlobalSection
EndGlobal
